
Microsoft Visual Studio Solution File, Format Version 12.00
# Visual Studio Version 17
VisualStudioVersion = 17.7.34031.279
MinimumVisualStudioVersion = 10.0.40219.1
Project("{9A19103F-16F7-4668-BE54-9A1E7A4F7556}") = "Willowcat.CharacterGenerator.Core", "Willowcat.CharacterGenerator.Core\Willowcat.CharacterGenerator.Core.csproj", "{26C42869-FC50-403F-85FD-A5466074523B}"
EndProject
Project("{FAE04EC0-301F-11D3-BF4B-00C04F79EFBC}") = "Willowcat.CharacterGenerator.Core.Tests", "Willowcat.CharacterGenerator.Core.Tests\Willowcat.CharacterGenerator.Core.Tests.csproj", "{E458BC1A-5535-459D-8D60-776B67C823E2}"
EndProject
Project("{9A19103F-16F7-4668-BE54-9A1E7A4F7556}") = "Willowcat.CharacterGenerator.UI", "Willowcat.CharacterGenerator.UI\Willowcat.CharacterGenerator.UI.csproj", "{7F4552E9-DA82-4B60-8822-DE42A8D9F81A}"
EndProject
Global
	GlobalSection(SolutionConfigurationPlatforms) = preSolution
		Debug|Any CPU = Debug|Any CPU
		Release|Any CPU = Release|Any CPU
	EndGlobalSection
	GlobalSection(ProjectConfigurationPlatforms) = postSolution
		{26C42869-FC50-403F-85FD-A5466074523B}.Debug|Any CPU.ActiveCfg = Debug|Any CPU
		{26C42869-FC50-403F-85FD-A5466074523B}.Debug|Any CPU.Build.0 = Debug|Any CPU
		{26C42869-FC50-403F-85FD-A5466074523B}.Release|Any CPU.ActiveCfg = Release|Any CPU
		{26C42869-FC50-403F-85FD-A5466074523B}.Release|Any CPU.Build.0 = Release|Any CPU
		{E458BC1A-5535-459D-8D60-776B67C823E2}.Debug|Any CPU.ActiveCfg = Debug|Any CPU
		{E458BC1A-5535-459D-8D60-776B67C823E2}.Debug|Any CPU.Build.0 = Debug|Any CPU
		{E458BC1A-5535-459D-8D60-776B67C823E2}.Release|Any CPU.ActiveCfg = Release|Any CPU
		{E458BC1A-5535-459D-8D60-776B67C823E2}.Release|Any CPU.Build.0 = Release|Any CPU
		{7F4552E9-DA82-4B60-8822-DE42A8D9F81A}.Debug|Any CPU.ActiveCfg = Debug|Any CPU
		{7F4552E9-DA82-4B60-8822-DE42A8D9F81A}.Debug|Any CPU.Build.0 = Debug|Any CPU
		{7F4552E9-DA82-4B60-8822-DE42A8D9F81A}.Release|Any CPU.ActiveCfg = Release|Any CPU
		{7F4552E9-DA82-4B60-8822-DE42A8D9F81A}.Release|Any CPU.Build.0 = Release|Any CPU
	EndGlobalSection
	GlobalSection(SolutionProperties) = preSolution
		HideSolutionNode = FALSE
	EndGlobalSection
	GlobalSection(ExtensibilityGlobals) = postSolution
		SolutionGuid = {A32AD2EF-56BE-410C-8FD6-348E8584D159}
	EndGlobalSection
EndGlobal
