
Microsoft Visual Studio Solution File, Format Version 12.00
# Visual Studio Version 17
VisualStudioVersion = 17.7.34031.279
MinimumVisualStudioVersion = 10.0.40219.1
Project("{9A19103F-16F7-4668-BE54-9A1E7A4F7556}") = "Willowcat.CharacterGenerator.Core", "Willowcat.CharacterGenerator.Core\Willowcat.CharacterGenerator.Core.csproj", "{26C42869-FC50-403F-85FD-A5466074523B}"
EndProject
Project("{9A19103F-16F7-4668-BE54-9A1E7A4F7556}") = "Willowcat.CharacterGenerator.Core.Tests", "Willowcat.CharacterGenerator.Core.Tests\Willowcat.CharacterGenerator.Core.Tests.csproj", "{E458BC1A-5535-459D-8D60-776B67C823E2}"
EndProject
Project("{9A19103F-16F7-4668-BE54-9A1E7A4F7556}") = "Willowcat.CharacterGenerator.UI", "Willowcat.CharacterGenerator.UI\Willowcat.CharacterGenerator.UI.csproj", "{7F4552E9-DA82-4B60-8822-DE42A8D9F81A}"
EndProject
Project("{9A19103F-16F7-4668-BE54-9A1E7A4F7556}") = "Willowcat.CharacterGenerator.Model", "Willowcat.CharacterGenerator.Model\Willowcat.CharacterGenerator.Model.csproj", "{4BAC4927-08D7-4A7E-96C7-9C96D3AD366A}"
EndProject
Project("{9A19103F-16F7-4668-BE54-9A1E7A4F7556}") = "Willowcat.CharacterGenerator.Model.Tests", "Willowcat.CharacterGenerator.Model.Tests\Willowcat.CharacterGenerator.Model.Tests.csproj", "{05BBAA59-A906-4497-92D9-BEA3B876A8F3}"
EndProject
Project("{9A19103F-16F7-4668-BE54-9A1E7A4F7556}") = "Willowcat.CharacterGenerator.Application", "Willowcat.CharacterGenerator.Application\Willowcat.CharacterGenerator.Application.csproj", "{A7F1BAF2-C608-4840-9C75-45298649D35F}"
EndProject
Project("{9A19103F-16F7-4668-BE54-9A1E7A4F7556}") = "Willowcat.CharacterGenerator.EntityFramework", "Willowcat.CharacterGenerator.EntityFramework\Willowcat.CharacterGenerator.EntityFramework.csproj", "{4E9642D6-330A-466B-B12E-8276B0F906E0}"
EndProject
Project("{9A19103F-16F7-4668-BE54-9A1E7A4F7556}") = "Willowcat.CharacterGenerator.FlatFile", "Willowcat.CharacterGenerator.FlatFile\Willowcat.CharacterGenerator.FlatFile.csproj", "{89254730-C559-4524-9D06-0AB88D11FD5C}"
EndProject
Project("{FAE04EC0-301F-11D3-BF4B-00C04F79EFBC}") = "Willowcat.CharacterGenerator.OnlineGenerators", "Willowcat.CharacterGenerator.OnlineGenerators\Willowcat.CharacterGenerator.OnlineGenerators.csproj", "{CE8A255E-B842-44B4-8274-46E514F4B876}"
EndProject
Global
	GlobalSection(SolutionConfigurationPlatforms) = preSolution
		Debug|Any CPU = Debug|Any CPU
		Release|Any CPU = Release|Any CPU
	EndGlobalSection
	GlobalSection(ProjectConfigurationPlatforms) = postSolution
		{26C42869-FC50-403F-85FD-A5466074523B}.Debug|Any CPU.ActiveCfg = Debug|Any CPU
		{26C42869-FC50-403F-85FD-A5466074523B}.Debug|Any CPU.Build.0 = Debug|Any CPU
		{26C42869-FC50-403F-85FD-A5466074523B}.Release|Any CPU.ActiveCfg = Release|Any CPU
		{26C42869-FC50-403F-85FD-A5466074523B}.Release|Any CPU.Build.0 = Release|Any CPU
		{E458BC1A-5535-459D-8D60-776B67C823E2}.Debug|Any CPU.ActiveCfg = Debug|Any CPU
		{E458BC1A-5535-459D-8D60-776B67C823E2}.Debug|Any CPU.Build.0 = Debug|Any CPU
		{E458BC1A-5535-459D-8D60-776B67C823E2}.Release|Any CPU.ActiveCfg = Release|Any CPU
		{E458BC1A-5535-459D-8D60-776B67C823E2}.Release|Any CPU.Build.0 = Release|Any CPU
		{7F4552E9-DA82-4B60-8822-DE42A8D9F81A}.Debug|Any CPU.ActiveCfg = Debug|Any CPU
		{7F4552E9-DA82-4B60-8822-DE42A8D9F81A}.Debug|Any CPU.Build.0 = Debug|Any CPU
		{7F4552E9-DA82-4B60-8822-DE42A8D9F81A}.Release|Any CPU.ActiveCfg = Release|Any CPU
		{7F4552E9-DA82-4B60-8822-DE42A8D9F81A}.Release|Any CPU.Build.0 = Release|Any CPU
		{4BAC4927-08D7-4A7E-96C7-9C96D3AD366A}.Debug|Any CPU.ActiveCfg = Debug|Any CPU
		{4BAC4927-08D7-4A7E-96C7-9C96D3AD366A}.Debug|Any CPU.Build.0 = Debug|Any CPU
		{4BAC4927-08D7-4A7E-96C7-9C96D3AD366A}.Release|Any CPU.ActiveCfg = Release|Any CPU
		{4BAC4927-08D7-4A7E-96C7-9C96D3AD366A}.Release|Any CPU.Build.0 = Release|Any CPU
		{05BBAA59-A906-4497-92D9-BEA3B876A8F3}.Debug|Any CPU.ActiveCfg = Debug|Any CPU
		{05BBAA59-A906-4497-92D9-BEA3B876A8F3}.Debug|Any CPU.Build.0 = Debug|Any CPU
		{05BBAA59-A906-4497-92D9-BEA3B876A8F3}.Release|Any CPU.ActiveCfg = Release|Any CPU
		{05BBAA59-A906-4497-92D9-BEA3B876A8F3}.Release|Any CPU.Build.0 = Release|Any CPU
		{A7F1BAF2-C608-4840-9C75-45298649D35F}.Debug|Any CPU.ActiveCfg = Debug|Any CPU
		{A7F1BAF2-C608-4840-9C75-45298649D35F}.Debug|Any CPU.Build.0 = Debug|Any CPU
		{A7F1BAF2-C608-4840-9C75-45298649D35F}.Release|Any CPU.ActiveCfg = Release|Any CPU
		{A7F1BAF2-C608-4840-9C75-45298649D35F}.Release|Any CPU.Build.0 = Release|Any CPU
		{4E9642D6-330A-466B-B12E-8276B0F906E0}.Debug|Any CPU.ActiveCfg = Debug|Any CPU
		{4E9642D6-330A-466B-B12E-8276B0F906E0}.Debug|Any CPU.Build.0 = Debug|Any CPU
		{4E9642D6-330A-466B-B12E-8276B0F906E0}.Release|Any CPU.ActiveCfg = Release|Any CPU
		{4E9642D6-330A-466B-B12E-8276B0F906E0}.Release|Any CPU.Build.0 = Release|Any CPU
		{89254730-C559-4524-9D06-0AB88D11FD5C}.Debug|Any CPU.ActiveCfg = Debug|Any CPU
		{89254730-C559-4524-9D06-0AB88D11FD5C}.Debug|Any CPU.Build.0 = Debug|Any CPU
		{89254730-C559-4524-9D06-0AB88D11FD5C}.Release|Any CPU.ActiveCfg = Release|Any CPU
		{89254730-C559-4524-9D06-0AB88D11FD5C}.Release|Any CPU.Build.0 = Release|Any CPU
		{CE8A255E-B842-44B4-8274-46E514F4B876}.Debug|Any CPU.ActiveCfg = Debug|Any CPU
		{CE8A255E-B842-44B4-8274-46E514F4B876}.Debug|Any CPU.Build.0 = Debug|Any CPU
		{CE8A255E-B842-44B4-8274-46E514F4B876}.Release|Any CPU.ActiveCfg = Release|Any CPU
		{CE8A255E-B842-44B4-8274-46E514F4B876}.Release|Any CPU.Build.0 = Release|Any CPU
	EndGlobalSection
	GlobalSection(SolutionProperties) = preSolution
		HideSolutionNode = FALSE
	EndGlobalSection
	GlobalSection(ExtensibilityGlobals) = postSolution
		SolutionGuid = {A32AD2EF-56BE-410C-8FD6-348E8584D159}
	EndGlobalSection
EndGlobal
